
Microsoft Visual Studio Solution File, Format Version 12.00
# Visual Studio Version 17
VisualStudioVersion = 17.4.33403.182
MinimumVisualStudioVersion = 10.0.40219.1
Project("{FAE04EC0-301F-11D3-BF4B-00C04F79EFBC}") = "01. Reverse Strings", "01. Reverse Strings\01. Reverse Strings.csproj", "{239BB850-C7B6-47A7-9087-3EEB2AD6158A}"
EndProject
Project("{FAE04EC0-301F-11D3-BF4B-00C04F79EFBC}") = "02. Repeat Strings", "02. Repeat Strings\02. Repeat Strings.csproj", "{336A3516-210A-4F0F-8512-56D16D86302F}"
EndProject
Project("{FAE04EC0-301F-11D3-BF4B-00C04F79EFBC}") = "03. Substring", "03. Substring\03. Substring.csproj", "{C1D0DFD7-EDF5-4EED-A3BA-D5B03FD4693B}"
EndProject
Project("{FAE04EC0-301F-11D3-BF4B-00C04F79EFBC}") = "04. Text Filter", "04. Text Filter\04. Text Filter.csproj", "{8EB6B1C3-ED48-44CB-B9AA-DECCE48E754A}"
EndProject
Project("{FAE04EC0-301F-11D3-BF4B-00C04F79EFBC}") = "05. Digits, Letters and Other", "05. Digits, Letters and Other\05. Digits, Letters and Other.csproj", "{5DD7EA2C-9BB9-4F6C-88F1-48EDB4C94E65}"
EndProject
Global
	GlobalSection(SolutionConfigurationPlatforms) = preSolution
		Debug|Any CPU = Debug|Any CPU
		Release|Any CPU = Release|Any CPU
	EndGlobalSection
	GlobalSection(ProjectConfigurationPlatforms) = postSolution
		{239BB850-C7B6-47A7-9087-3EEB2AD6158A}.Debug|Any CPU.ActiveCfg = Debug|Any CPU
		{239BB850-C7B6-47A7-9087-3EEB2AD6158A}.Debug|Any CPU.Build.0 = Debug|Any CPU
		{239BB850-C7B6-47A7-9087-3EEB2AD6158A}.Release|Any CPU.ActiveCfg = Release|Any CPU
		{239BB850-C7B6-47A7-9087-3EEB2AD6158A}.Release|Any CPU.Build.0 = Release|Any CPU
		{336A3516-210A-4F0F-8512-56D16D86302F}.Debug|Any CPU.ActiveCfg = Debug|Any CPU
		{336A3516-210A-4F0F-8512-56D16D86302F}.Debug|Any CPU.Build.0 = Debug|Any CPU
		{336A3516-210A-4F0F-8512-56D16D86302F}.Release|Any CPU.ActiveCfg = Release|Any CPU
		{336A3516-210A-4F0F-8512-56D16D86302F}.Release|Any CPU.Build.0 = Release|Any CPU
		{C1D0DFD7-EDF5-4EED-A3BA-D5B03FD4693B}.Debug|Any CPU.ActiveCfg = Debug|Any CPU
		{C1D0DFD7-EDF5-4EED-A3BA-D5B03FD4693B}.Debug|Any CPU.Build.0 = Debug|Any CPU
		{C1D0DFD7-EDF5-4EED-A3BA-D5B03FD4693B}.Release|Any CPU.ActiveCfg = Release|Any CPU
		{C1D0DFD7-EDF5-4EED-A3BA-D5B03FD4693B}.Release|Any CPU.Build.0 = Release|Any CPU
		{8EB6B1C3-ED48-44CB-B9AA-DECCE48E754A}.Debug|Any CPU.ActiveCfg = Debug|Any CPU
		{8EB6B1C3-ED48-44CB-B9AA-DECCE48E754A}.Debug|Any CPU.Build.0 = Debug|Any CPU
		{8EB6B1C3-ED48-44CB-B9AA-DECCE48E754A}.Release|Any CPU.ActiveCfg = Release|Any CPU
		{8EB6B1C3-ED48-44CB-B9AA-DECCE48E754A}.Release|Any CPU.Build.0 = Release|Any CPU
		{5DD7EA2C-9BB9-4F6C-88F1-48EDB4C94E65}.Debug|Any CPU.ActiveCfg = Debug|Any CPU
		{5DD7EA2C-9BB9-4F6C-88F1-48EDB4C94E65}.Debug|Any CPU.Build.0 = Debug|Any CPU
		{5DD7EA2C-9BB9-4F6C-88F1-48EDB4C94E65}.Release|Any CPU.ActiveCfg = Release|Any CPU
		{5DD7EA2C-9BB9-4F6C-88F1-48EDB4C94E65}.Release|Any CPU.Build.0 = Release|Any CPU
	EndGlobalSection
	GlobalSection(SolutionProperties) = preSolution
		HideSolutionNode = FALSE
	EndGlobalSection
	GlobalSection(ExtensibilityGlobals) = postSolution
		SolutionGuid = {2C68962D-2B0F-4A42-84C8-5EAE02E278D8}
	EndGlobalSection
EndGlobal
